
Microsoft Visual Studio Solution File, Format Version 12.00
# Visual Studio Version 17
VisualStudioVersion = 17.7.34221.43
MinimumVisualStudioVersion = 10.0.40219.1
Project("{FAE04EC0-301F-11D3-BF4B-00C04F79EFBC}") = "Storage", "Storage\Storage.csproj", "{240EEE04-6385-452E-9CF4-798B1279A56D}"
EndProject
Project("{FAE04EC0-301F-11D3-BF4B-00C04F79EFBC}") = "MarkGrader", "MarkGrader\MarkGrader.csproj", "{CD816893-7304-44FF-9BC9-CC1EA2DF6AA6}"
EndProject
Project("{FAE04EC0-301F-11D3-BF4B-00C04F79EFBC}") = "Repositories", "Repositories\Repositories.csproj", "{611C34C8-56DF-4A07-99B7-C156B3D6E217}"
EndProject
Global
	GlobalSection(SolutionConfigurationPlatforms) = preSolution
		Debug|Any CPU = Debug|Any CPU
		Release|Any CPU = Release|Any CPU
	EndGlobalSection
	GlobalSection(ProjectConfigurationPlatforms) = postSolution
		{240EEE04-6385-452E-9CF4-798B1279A56D}.Debug|Any CPU.ActiveCfg = Debug|Any CPU
		{240EEE04-6385-452E-9CF4-798B1279A56D}.Debug|Any CPU.Build.0 = Debug|Any CPU
		{240EEE04-6385-452E-9CF4-798B1279A56D}.Release|Any CPU.ActiveCfg = Release|Any CPU
		{240EEE04-6385-452E-9CF4-798B1279A56D}.Release|Any CPU.Build.0 = Release|Any CPU
		{CD816893-7304-44FF-9BC9-CC1EA2DF6AA6}.Debug|Any CPU.ActiveCfg = Debug|Any CPU
		{CD816893-7304-44FF-9BC9-CC1EA2DF6AA6}.Debug|Any CPU.Build.0 = Debug|Any CPU
		{CD816893-7304-44FF-9BC9-CC1EA2DF6AA6}.Release|Any CPU.ActiveCfg = Release|Any CPU
		{CD816893-7304-44FF-9BC9-CC1EA2DF6AA6}.Release|Any CPU.Build.0 = Release|Any CPU
		{611C34C8-56DF-4A07-99B7-C156B3D6E217}.Debug|Any CPU.ActiveCfg = Debug|Any CPU
		{611C34C8-56DF-4A07-99B7-C156B3D6E217}.Debug|Any CPU.Build.0 = Debug|Any CPU
		{611C34C8-56DF-4A07-99B7-C156B3D6E217}.Release|Any CPU.ActiveCfg = Release|Any CPU
		{611C34C8-56DF-4A07-99B7-C156B3D6E217}.Release|Any CPU.Build.0 = Release|Any CPU
	EndGlobalSection
	GlobalSection(SolutionProperties) = preSolution
		HideSolutionNode = FALSE
	EndGlobalSection
	GlobalSection(ExtensibilityGlobals) = postSolution
		SolutionGuid = {01619D66-C4FD-42FD-9B24-0564510045FB}
	EndGlobalSection
EndGlobal
